
Microsoft Visual Studio Solution File, Format Version 12.00
# Visual Studio Version 17
VisualStudioVersion = 17.5.33424.131
MinimumVisualStudioVersion = 10.0.40219.1
Project("{FAE04EC0-301F-11D3-BF4B-00C04F79EFBC}") = "LerGravarArquivoTexto", "LerGravarArquivoTexto\LerGravarArquivoTexto.csproj", "{777C0E8A-48F6-4CFE-9B52-5553C976F528}"
EndProject
Global
	GlobalSection(SolutionConfigurationPlatforms) = preSolution
		Debug|Any CPU = Debug|Any CPU
		Release|Any CPU = Release|Any CPU
	EndGlobalSection
	GlobalSection(ProjectConfigurationPlatforms) = postSolution
		{777C0E8A-48F6-4CFE-9B52-5553C976F528}.Debug|Any CPU.ActiveCfg = Debug|Any CPU
		{777C0E8A-48F6-4CFE-9B52-5553C976F528}.Debug|Any CPU.Build.0 = Debug|Any CPU
		{777C0E8A-48F6-4CFE-9B52-5553C976F528}.Release|Any CPU.ActiveCfg = Release|Any CPU
		{777C0E8A-48F6-4CFE-9B52-5553C976F528}.Release|Any CPU.Build.0 = Release|Any CPU
	EndGlobalSection
	GlobalSection(SolutionProperties) = preSolution
		HideSolutionNode = FALSE
	EndGlobalSection
	GlobalSection(ExtensibilityGlobals) = postSolution
		SolutionGuid = {C7462C30-4563-421C-B355-4B1EAABF72ED}
	EndGlobalSection
EndGlobal
